Microsoft Visual Studio Solution File, Format Version 8.00
Project("{FAE04EC0-301F-11D3-BF4B-00C04F79EFBC}") = "BODEODSponsor", "BODEODSponsor.csproj", "{BF265E5E-6820-48D5-90A7-64EDEFC07A91}"
	ProjectSection(ProjectDependencies) = postProject
	EndProjectSection
EndProject
Global
	GlobalSection(SolutionConfiguration) = preSolution
		Debug = Debug
		Release = Release
	EndGlobalSection
	GlobalSection(ProjectConfiguration) = postSolution
		{BF265E5E-6820-48D5-90A7-64EDEFC07A91}.Debug.ActiveCfg = Debug|.NET
		{BF265E5E-6820-48D5-90A7-64EDEFC07A91}.Debug.Build.0 = Debug|.NET
		{BF265E5E-6820-48D5-90A7-64EDEFC07A91}.Release.ActiveCfg = Release|.NET
		{BF265E5E-6820-48D5-90A7-64EDEFC07A91}.Release.Build.0 = Release|.NET
	EndGlobalSection
	GlobalSection(ExtensibilityGlobals) = postSolution
	EndGlobalSection
	GlobalSection(ExtensibilityAddIns) = postSolution
	EndGlobalSection
EndGlobal
