Microsoft Visual Studio Solution File, Format Version 8.00
Project("{FAE04EC0-301F-11D3-BF4B-00C04F79EFBC}") = "QuickSort", "QuickSort.csproj", "{53013F41-4610-4B58-A871-4B937E065849}"
	ProjectSection(ProjectDependencies) = postProject
	EndProjectSection
EndProject
Global
	GlobalSection(SolutionConfiguration) = preSolution
		Debug = Debug
		Release = Release
	EndGlobalSection
	GlobalSection(ProjectConfiguration) = postSolution
		{53013F41-4610-4B58-A871-4B937E065849}.Debug.ActiveCfg = Debug|.NET
		{53013F41-4610-4B58-A871-4B937E065849}.Debug.Build.0 = Debug|.NET
		{53013F41-4610-4B58-A871-4B937E065849}.Release.ActiveCfg = Release|.NET
		{53013F41-4610-4B58-A871-4B937E065849}.Release.Build.0 = Release|.NET
	EndGlobalSection
	GlobalSection(ExtensibilityGlobals) = postSolution
	EndGlobalSection
	GlobalSection(ExtensibilityAddIns) = postSolution
	EndGlobalSection
EndGlobal
