
Microsoft Visual Studio Solution File, Format Version 9.00
# Visual Studio 2005
Project("{FAE04EC0-301F-11D3-BF4B-00C04F79EFBC}") = "NonGenericOrderContainer", "NonGenericOrderContainer\NonGenericOrderContainer.csproj", "{F7C901A4-D318-4AF4-AA17-88F70B6DB1C6}"
EndProject
Global
	GlobalSection(SolutionConfigurationPlatforms) = preSolution
		Debug|Any CPU = Debug|Any CPU
		Release|Any CPU = Release|Any CPU
	EndGlobalSection
	GlobalSection(ProjectConfigurationPlatforms) = postSolution
		{F7C901A4-D318-4AF4-AA17-88F70B6DB1C6}.Debug|Any CPU.ActiveCfg = Debug|Any CPU
		{F7C901A4-D318-4AF4-AA17-88F70B6DB1C6}.Debug|Any CPU.Build.0 = Debug|Any CPU
		{F7C901A4-D318-4AF4-AA17-88F70B6DB1C6}.Release|Any CPU.ActiveCfg = Release|Any CPU
		{F7C901A4-D318-4AF4-AA17-88F70B6DB1C6}.Release|Any CPU.Build.0 = Release|Any CPU
	EndGlobalSection
	GlobalSection(SolutionProperties) = preSolution
		HideSolutionNode = FALSE
	EndGlobalSection
EndGlobal
