Microsoft Visual Studio Solution File, Format Version 8.00
Project("{FAE04EC0-301F-11D3-BF4B-00C04F79EFBC}") = "AsyncTCPMDP", "AsyncTCPMDP.csproj", "{1D1F0F96-EE50-4282-AC64-38FCA91F6AFB}"
	ProjectSection(ProjectDependencies) = postProject
	EndProjectSection
EndProject
Global
	GlobalSection(SolutionConfiguration) = preSolution
		Debug = Debug
		Release = Release
	EndGlobalSection
	GlobalSection(ProjectConfiguration) = postSolution
		{1D1F0F96-EE50-4282-AC64-38FCA91F6AFB}.Debug.ActiveCfg = Debug|.NET
		{1D1F0F96-EE50-4282-AC64-38FCA91F6AFB}.Debug.Build.0 = Debug|.NET
		{1D1F0F96-EE50-4282-AC64-38FCA91F6AFB}.Release.ActiveCfg = Release|.NET
		{1D1F0F96-EE50-4282-AC64-38FCA91F6AFB}.Release.Build.0 = Release|.NET
	EndGlobalSection
	GlobalSection(ExtensibilityGlobals) = postSolution
	EndGlobalSection
	GlobalSection(ExtensibilityAddIns) = postSolution
	EndGlobalSection
EndGlobal
