Microsoft Visual Studio Solution File, Format Version 8.00
Project("{FAE04EC0-301F-11D3-BF4B-00C04F79EFBC}") = "WritingXML", "WritingXML.csproj", "{884CAC52-8717-440A-A2A6-23682CA56ABC}"
	ProjectSection(ProjectDependencies) = postProject
	EndProjectSection
EndProject
Global
	GlobalSection(SolutionConfiguration) = preSolution
		Debug = Debug
		Release = Release
	EndGlobalSection
	GlobalSection(ProjectConfiguration) = postSolution
		{884CAC52-8717-440A-A2A6-23682CA56ABC}.Debug.ActiveCfg = Debug|.NET
		{884CAC52-8717-440A-A2A6-23682CA56ABC}.Debug.Build.0 = Debug|.NET
		{884CAC52-8717-440A-A2A6-23682CA56ABC}.Release.ActiveCfg = Release|.NET
		{884CAC52-8717-440A-A2A6-23682CA56ABC}.Release.Build.0 = Release|.NET
	EndGlobalSection
	GlobalSection(ExtensibilityGlobals) = postSolution
	EndGlobalSection
	GlobalSection(ExtensibilityAddIns) = postSolution
	EndGlobalSection
EndGlobal
