Microsoft Visual Studio Solution File, Format Version 8.00
Project("{FAE04EC0-301F-11D3-BF4B-00C04F79EFBC}") = "TProxy", "TProxy.csproj", "{2A632957-DFB3-4F9F-9021-587AA474E791}"
	ProjectSection(ProjectDependencies) = postProject
	EndProjectSection
EndProject
Global
	GlobalSection(SolutionConfiguration) = preSolution
		Debug = Debug
		Release = Release
	EndGlobalSection
	GlobalSection(ProjectConfiguration) = postSolution
		{2A632957-DFB3-4F9F-9021-587AA474E791}.Debug.ActiveCfg = Debug|.NET
		{2A632957-DFB3-4F9F-9021-587AA474E791}.Debug.Build.0 = Debug|.NET
		{2A632957-DFB3-4F9F-9021-587AA474E791}.Release.ActiveCfg = Release|.NET
		{2A632957-DFB3-4F9F-9021-587AA474E791}.Release.Build.0 = Release|.NET
	EndGlobalSection
	GlobalSection(ExtensibilityGlobals) = postSolution
	EndGlobalSection
	GlobalSection(ExtensibilityAddIns) = postSolution
	EndGlobalSection
EndGlobal
