Microsoft Visual Studio Solution File, Format Version 8.00
Project("{FAE04EC0-301F-11D3-BF4B-00C04F79EFBC}") = "MultiThreadArray", "MultiThreadArray.csproj", "{5BD68CCB-A39B-4B6E-8876-DEA01F6D319B}"
	ProjectSection(ProjectDependencies) = postProject
	EndProjectSection
EndProject
Global
	GlobalSection(SolutionConfiguration) = preSolution
		Debug = Debug
		Release = Release
	EndGlobalSection
	GlobalSection(ProjectConfiguration) = postSolution
		{5BD68CCB-A39B-4B6E-8876-DEA01F6D319B}.Debug.ActiveCfg = Debug|.NET
		{5BD68CCB-A39B-4B6E-8876-DEA01F6D319B}.Debug.Build.0 = Debug|.NET
		{5BD68CCB-A39B-4B6E-8876-DEA01F6D319B}.Release.ActiveCfg = Release|.NET
		{5BD68CCB-A39B-4B6E-8876-DEA01F6D319B}.Release.Build.0 = Release|.NET
	EndGlobalSection
	GlobalSection(ExtensibilityGlobals) = postSolution
	EndGlobalSection
	GlobalSection(ExtensibilityAddIns) = postSolution
	EndGlobalSection
EndGlobal
