Microsoft Visual Studio Solution File, Format Version 8.00
Project("{FAE04EC0-301F-11D3-BF4B-00C04F79EFBC}") = "RPC.Common", "RPC.Common.csproj", "{95A592C5-4CF7-436B-919F-4896ADF83EE5}"
	ProjectSection(ProjectDependencies) = postProject
	EndProjectSection
EndProject
Project("{FAE04EC0-301F-11D3-BF4B-00C04F79EFBC}") = "RPC.Services", "..\RPC.Services\RPC.Services.csproj", "{77C4ABA3-B9DF-4194-9055-8D66E832F992}"
	ProjectSection(ProjectDependencies) = postProject
	EndProjectSection
EndProject
Project("{FAE04EC0-301F-11D3-BF4B-00C04F79EFBC}") = "RPC.ServiceController", "..\RPC.ServiceController\RPC.ServiceController.csproj", "{0055051F-E46D-4156-9533-8C4C7165AA7C}"
	ProjectSection(ProjectDependencies) = postProject
	EndProjectSection
EndProject
Project("{FAE04EC0-301F-11D3-BF4B-00C04F79EFBC}") = "RPC.ServiceDirectory", "..\RPC.ServiceLookUp\RPC.ServiceDirectory.csproj", "{57BF75AB-58A5-4842-9D7F-5E32A1C70AF9}"
	ProjectSection(ProjectDependencies) = postProject
	EndProjectSection
EndProject
Global
	GlobalSection(SolutionConfiguration) = preSolution
		Debug = Debug
		Release = Release
	EndGlobalSection
	GlobalSection(ProjectConfiguration) = postSolution
		{95A592C5-4CF7-436B-919F-4896ADF83EE5}.Debug.ActiveCfg = Debug|.NET
		{95A592C5-4CF7-436B-919F-4896ADF83EE5}.Debug.Build.0 = Debug|.NET
		{95A592C5-4CF7-436B-919F-4896ADF83EE5}.Release.ActiveCfg = Release|.NET
		{95A592C5-4CF7-436B-919F-4896ADF83EE5}.Release.Build.0 = Release|.NET
		{77C4ABA3-B9DF-4194-9055-8D66E832F992}.Debug.ActiveCfg = Debug|.NET
		{77C4ABA3-B9DF-4194-9055-8D66E832F992}.Debug.Build.0 = Debug|.NET
		{77C4ABA3-B9DF-4194-9055-8D66E832F992}.Release.ActiveCfg = Release|.NET
		{77C4ABA3-B9DF-4194-9055-8D66E832F992}.Release.Build.0 = Release|.NET
		{0055051F-E46D-4156-9533-8C4C7165AA7C}.Debug.ActiveCfg = Debug|.NET
		{0055051F-E46D-4156-9533-8C4C7165AA7C}.Debug.Build.0 = Debug|.NET
		{0055051F-E46D-4156-9533-8C4C7165AA7C}.Release.ActiveCfg = Release|.NET
		{0055051F-E46D-4156-9533-8C4C7165AA7C}.Release.Build.0 = Release|.NET
		{57BF75AB-58A5-4842-9D7F-5E32A1C70AF9}.Debug.ActiveCfg = Debug|.NET
		{57BF75AB-58A5-4842-9D7F-5E32A1C70AF9}.Debug.Build.0 = Debug|.NET
		{57BF75AB-58A5-4842-9D7F-5E32A1C70AF9}.Release.ActiveCfg = Release|.NET
		{57BF75AB-58A5-4842-9D7F-5E32A1C70AF9}.Release.Build.0 = Release|.NET
	EndGlobalSection
	GlobalSection(ExtensibilityGlobals) = postSolution
	EndGlobalSection
	GlobalSection(ExtensibilityAddIns) = postSolution
	EndGlobalSection
EndGlobal
