Microsoft Visual Studio Solution File, Format Version 8.00
Project("{FAE04EC0-301F-11D3-BF4B-00C04F79EFBC}") = "SecureSTPConsumer", "SecureSTPConsumer.csproj", "{E01B3766-3FA1-4BF1-8053-822E96B3A572}"
	ProjectSection(ProjectDependencies) = postProject
	EndProjectSection
EndProject
Global
	GlobalSection(SolutionConfiguration) = preSolution
		Debug = Debug
		Release = Release
	EndGlobalSection
	GlobalSection(ProjectConfiguration) = postSolution
		{E01B3766-3FA1-4BF1-8053-822E96B3A572}.Debug.ActiveCfg = Debug|.NET
		{E01B3766-3FA1-4BF1-8053-822E96B3A572}.Debug.Build.0 = Debug|.NET
		{E01B3766-3FA1-4BF1-8053-822E96B3A572}.Release.ActiveCfg = Release|.NET
		{E01B3766-3FA1-4BF1-8053-822E96B3A572}.Release.Build.0 = Release|.NET
	EndGlobalSection
	GlobalSection(ExtensibilityGlobals) = postSolution
	EndGlobalSection
	GlobalSection(ExtensibilityAddIns) = postSolution
	EndGlobalSection
EndGlobal
