Microsoft Visual Studio Solution File, Format Version 8.00
Project("{FAE04EC0-301F-11D3-BF4B-00C04F79EFBC}") = "InterLock", "InterLock.csproj", "{75DEC094-A9E3-4587-A6AD-5D4B4705E766}"
	ProjectSection(ProjectDependencies) = postProject
	EndProjectSection
EndProject
Global
	GlobalSection(SolutionConfiguration) = preSolution
		Debug = Debug
		Release = Release
	EndGlobalSection
	GlobalSection(ProjectConfiguration) = postSolution
		{75DEC094-A9E3-4587-A6AD-5D4B4705E766}.Debug.ActiveCfg = Debug|.NET
		{75DEC094-A9E3-4587-A6AD-5D4B4705E766}.Debug.Build.0 = Debug|.NET
		{75DEC094-A9E3-4587-A6AD-5D4B4705E766}.Release.ActiveCfg = Release|.NET
		{75DEC094-A9E3-4587-A6AD-5D4B4705E766}.Release.Build.0 = Release|.NET
	EndGlobalSection
	GlobalSection(ExtensibilityGlobals) = postSolution
	EndGlobalSection
	GlobalSection(ExtensibilityAddIns) = postSolution
	EndGlobalSection
EndGlobal
