
Microsoft Visual Studio Solution File, Format Version 9.00
# Visual Studio 2005
Project("{FAE04EC0-301F-11D3-BF4B-00C04F79EFBC}") = "GenericSortMethod", "GenericSortMethod\GenericSortMethod.csproj", "{555FA6A8-DAA2-406D-A4CB-A3A1F6FD01AA}"
EndProject
Global
	GlobalSection(SolutionConfigurationPlatforms) = preSolution
		Debug|Any CPU = Debug|Any CPU
		Release|Any CPU = Release|Any CPU
	EndGlobalSection
	GlobalSection(ProjectConfigurationPlatforms) = postSolution
		{555FA6A8-DAA2-406D-A4CB-A3A1F6FD01AA}.Debug|Any CPU.ActiveCfg = Debug|Any CPU
		{555FA6A8-DAA2-406D-A4CB-A3A1F6FD01AA}.Debug|Any CPU.Build.0 = Debug|Any CPU
		{555FA6A8-DAA2-406D-A4CB-A3A1F6FD01AA}.Release|Any CPU.ActiveCfg = Release|Any CPU
		{555FA6A8-DAA2-406D-A4CB-A3A1F6FD01AA}.Release|Any CPU.Build.0 = Release|Any CPU
	EndGlobalSection
	GlobalSection(SolutionProperties) = preSolution
		HideSolutionNode = FALSE
	EndGlobalSection
EndGlobal
