Microsoft Visual Studio Solution File, Format Version 8.00
Project("{FAE04EC0-301F-11D3-BF4B-00C04F79EFBC}") = "UnSolicitedBcastClient", "UnSolicitedBcastClient.csproj", "{586E1D67-1899-46A0-AA42-A980C53A5572}"
	ProjectSection(ProjectDependencies) = postProject
	EndProjectSection
EndProject
Global
	GlobalSection(SolutionConfiguration) = preSolution
		Debug = Debug
		Release = Release
	EndGlobalSection
	GlobalSection(ProjectConfiguration) = postSolution
		{586E1D67-1899-46A0-AA42-A980C53A5572}.Debug.ActiveCfg = Debug|.NET
		{586E1D67-1899-46A0-AA42-A980C53A5572}.Debug.Build.0 = Debug|.NET
		{586E1D67-1899-46A0-AA42-A980C53A5572}.Release.ActiveCfg = Release|.NET
		{586E1D67-1899-46A0-AA42-A980C53A5572}.Release.Build.0 = Release|.NET
	EndGlobalSection
	GlobalSection(ExtensibilityGlobals) = postSolution
	EndGlobalSection
	GlobalSection(ExtensibilityAddIns) = postSolution
	EndGlobalSection
EndGlobal
