Microsoft Visual Studio Solution File, Format Version 8.00
Project("{FAE04EC0-301F-11D3-BF4B-00C04F79EFBC}") = "LeasePollTime", "LeasePollTime.csproj", "{00027A6D-1AA5-4552-A2B3-F8C1FBD37C80}"
	ProjectSection(ProjectDependencies) = postProject
	EndProjectSection
EndProject
Global
	GlobalSection(SolutionConfiguration) = preSolution
		Debug = Debug
		Release = Release
	EndGlobalSection
	GlobalSection(ProjectConfiguration) = postSolution
		{00027A6D-1AA5-4552-A2B3-F8C1FBD37C80}.Debug.ActiveCfg = Debug|.NET
		{00027A6D-1AA5-4552-A2B3-F8C1FBD37C80}.Debug.Build.0 = Debug|.NET
		{00027A6D-1AA5-4552-A2B3-F8C1FBD37C80}.Release.ActiveCfg = Release|.NET
		{00027A6D-1AA5-4552-A2B3-F8C1FBD37C80}.Release.Build.0 = Release|.NET
	EndGlobalSection
	GlobalSection(ExtensibilityGlobals) = postSolution
	EndGlobalSection
	GlobalSection(ExtensibilityAddIns) = postSolution
	EndGlobalSection
EndGlobal
