Microsoft Visual Studio Solution File, Format Version 8.00
Project("{FAE04EC0-301F-11D3-BF4B-00C04F79EFBC}") = "UnSolicitedBcastServer", "UnSolicitedBcastServer.csproj", "{D698C2FE-42E8-4465-9A92-268A24C2D5D7}"
	ProjectSection(ProjectDependencies) = postProject
	EndProjectSection
EndProject
Global
	GlobalSection(SolutionConfiguration) = preSolution
		Debug = Debug
		Release = Release
	EndGlobalSection
	GlobalSection(ProjectConfiguration) = postSolution
		{D698C2FE-42E8-4465-9A92-268A24C2D5D7}.Debug.ActiveCfg = Debug|.NET
		{D698C2FE-42E8-4465-9A92-268A24C2D5D7}.Debug.Build.0 = Debug|.NET
		{D698C2FE-42E8-4465-9A92-268A24C2D5D7}.Release.ActiveCfg = Release|.NET
		{D698C2FE-42E8-4465-9A92-268A24C2D5D7}.Release.Build.0 = Release|.NET
	EndGlobalSection
	GlobalSection(ExtensibilityGlobals) = postSolution
	EndGlobalSection
	GlobalSection(ExtensibilityAddIns) = postSolution
	EndGlobalSection
EndGlobal
