Microsoft Visual Studio Solution File, Format Version 8.00
Project("{FAE04EC0-301F-11D3-BF4B-00C04F79EFBC}") = "STPSecurity", "STPSecurity.csproj", "{DE9D4F5A-B743-4C8D-8302-35F29E808A87}"
	ProjectSection(ProjectDependencies) = postProject
	EndProjectSection
EndProject
Global
	GlobalSection(SolutionConfiguration) = preSolution
		Debug = Debug
		Release = Release
	EndGlobalSection
	GlobalSection(ProjectConfiguration) = postSolution
		{DE9D4F5A-B743-4C8D-8302-35F29E808A87}.Debug.ActiveCfg = Debug|.NET
		{DE9D4F5A-B743-4C8D-8302-35F29E808A87}.Debug.Build.0 = Debug|.NET
		{DE9D4F5A-B743-4C8D-8302-35F29E808A87}.Release.ActiveCfg = Release|.NET
		{DE9D4F5A-B743-4C8D-8302-35F29E808A87}.Release.Build.0 = Release|.NET
	EndGlobalSection
	GlobalSection(ExtensibilityGlobals) = postSolution
	EndGlobalSection
	GlobalSection(ExtensibilityAddIns) = postSolution
	EndGlobalSection
EndGlobal
