Microsoft Visual Studio Solution File, Format Version 8.00
Project("{FAE04EC0-301F-11D3-BF4B-00C04F79EFBC}") = "AsyncCallback", "AsyncCallback.csproj", "{81B5C96A-8A77-4C32-AEAF-D6639DC0F188}"
	ProjectSection(ProjectDependencies) = postProject
	EndProjectSection
EndProject
Global
	GlobalSection(SolutionConfiguration) = preSolution
		Debug = Debug
		Release = Release
	EndGlobalSection
	GlobalSection(ProjectConfiguration) = postSolution
		{81B5C96A-8A77-4C32-AEAF-D6639DC0F188}.Debug.ActiveCfg = Debug|.NET
		{81B5C96A-8A77-4C32-AEAF-D6639DC0F188}.Debug.Build.0 = Debug|.NET
		{81B5C96A-8A77-4C32-AEAF-D6639DC0F188}.Release.ActiveCfg = Release|.NET
		{81B5C96A-8A77-4C32-AEAF-D6639DC0F188}.Release.Build.0 = Release|.NET
	EndGlobalSection
	GlobalSection(ExtensibilityGlobals) = postSolution
	EndGlobalSection
	GlobalSection(ExtensibilityAddIns) = postSolution
	EndGlobalSection
EndGlobal
