Microsoft Visual Studio Solution File, Format Version 8.00
Project("{FAE04EC0-301F-11D3-BF4B-00C04F79EFBC}") = "CurrentThread", "CurrentThread.csproj", "{D6A75CA0-6D86-400A-9DCE-D3D34B615187}"
	ProjectSection(ProjectDependencies) = postProject
	EndProjectSection
EndProject
Global
	GlobalSection(SolutionConfiguration) = preSolution
		Debug = Debug
		Release = Release
	EndGlobalSection
	GlobalSection(ProjectConfiguration) = postSolution
		{D6A75CA0-6D86-400A-9DCE-D3D34B615187}.Debug.ActiveCfg = Debug|.NET
		{D6A75CA0-6D86-400A-9DCE-D3D34B615187}.Debug.Build.0 = Debug|.NET
		{D6A75CA0-6D86-400A-9DCE-D3D34B615187}.Release.ActiveCfg = Release|.NET
		{D6A75CA0-6D86-400A-9DCE-D3D34B615187}.Release.Build.0 = Release|.NET
	EndGlobalSection
	GlobalSection(ExtensibilityGlobals) = postSolution
	EndGlobalSection
	GlobalSection(ExtensibilityAddIns) = postSolution
	EndGlobalSection
EndGlobal
